
Microsoft Visual Studio Solution File, Format Version 12.00
# Visual Studio Version 17
VisualStudioVersion = 17.6.33801.468
MinimumVisualStudioVersion = 10.0.40219.1
Project("{FAE04EC0-301F-11D3-BF4B-00C04F79EFBC}") = "abremir.Figgle.CommandLine", "abremir.Figgle.CommandLine\abremir.Figgle.CommandLine.csproj", "{D0D5BBFD-4F1E-4D73-B04A-5E9A697BA8A8}"
EndProject
Global
	GlobalSection(SolutionConfigurationPlatforms) = preSolution
		Debug|Any CPU = Debug|Any CPU
		Release|Any CPU = Release|Any CPU
	EndGlobalSection
	GlobalSection(ProjectConfigurationPlatforms) = postSolution
		{D0D5BBFD-4F1E-4D73-B04A-5E9A697BA8A8}.Debug|Any CPU.ActiveCfg = Debug|Any CPU
		{D0D5BBFD-4F1E-4D73-B04A-5E9A697BA8A8}.Debug|Any CPU.Build.0 = Debug|Any CPU
		{D0D5BBFD-4F1E-4D73-B04A-5E9A697BA8A8}.Release|Any CPU.ActiveCfg = Release|Any CPU
		{D0D5BBFD-4F1E-4D73-B04A-5E9A697BA8A8}.Release|Any CPU.Build.0 = Release|Any CPU
	EndGlobalSection
	GlobalSection(SolutionProperties) = preSolution
		HideSolutionNode = FALSE
	EndGlobalSection
	GlobalSection(ExtensibilityGlobals) = postSolution
		SolutionGuid = {8506BB1F-184E-4B75-827E-9B418EDED7A3}
	EndGlobalSection
EndGlobal
